
Microsoft Visual Studio Solution File, Format Version 12.00
# Visual Studio Version 17
VisualStudioVersion = 17.2.32616.157
MinimumVisualStudioVersion = 10.0.40219.1
Project("{8BC9CEB8-8B4A-11D0-8D11-00A0C91BC942}") = "Project2", "Project2\Project2.vcxproj", "{3D250AB7-F293-4DF0-9242-5F5499A8DFF4}"
EndProject
Project("{8BC9CEB8-8B4A-11D0-8D11-00A0C91BC942}") = "Project114", "Project114\Project114.vcxproj", "{98C7F4B2-E8E8-4F72-9ACC-44E69504EFE6}"
EndProject
Project("{8BC9CEB8-8B4A-11D0-8D11-00A0C91BC942}") = "ConsoleApplication2", "ConsoleApplication2\ConsoleApplication2.vcxproj", "{EC4C1E49-8EBF-458F-926E-BA138E985723}"
EndProject
Project("{8BC9CEB8-8B4A-11D0-8D11-00A0C91BC942}") = "Practice_Queue", "Practice_Queue\Practice_Queue.vcxproj", "{7ABEC8B1-AA6C-4D75-9BC6-9DEF80C8D199}"
EndProject
Project("{8BC9CEB8-8B4A-11D0-8D11-00A0C91BC942}") = "QueueBuffer", "QueueBuffer\QueueBuffer.vcxproj", "{9E0C2621-48E2-476F-A8CF-68F944C6AA3B}"
EndProject
Project("{8BC9CEB8-8B4A-11D0-8D11-00A0C91BC942}") = "Dequeue", "Dequeue\Dequeue.vcxproj", "{965DCE5D-39A6-46D9-99BA-D187267EC33E}"
EndProject
Project("{8BC9CEB8-8B4A-11D0-8D11-00A0C91BC942}") = "ArrayLinkedList", "LinkedList\LinkedList.vcxproj", "{A8405C32-038B-497B-94D9-1800DD675A62}"
EndProject
Project("{8BC9CEB8-8B4A-11D0-8D11-00A0C91BC942}") = "LinkedList2", "LinkedList2\LinkedList2.vcxproj", "{A78C478E-1A12-44E3-911B-F591DFEC96E5}"
EndProject
Project("{8BC9CEB8-8B4A-11D0-8D11-00A0C91BC942}") = "FruitManager", "FruitManager\FruitManager.vcxproj", "{11189329-F0DA-48F0-8F75-F806A1B2B640}"
EndProject
Project("{8BC9CEB8-8B4A-11D0-8D11-00A0C91BC942}") = "PolyList", "PolyList\PolyList.vcxproj", "{61BD9BDA-3C33-4ABD-B8A4-2230ABC19649}"
EndProject
Project("{8BC9CEB8-8B4A-11D0-8D11-00A0C91BC942}") = "CircleList", "CircleList\CircleList.vcxproj", "{A37F5542-FC60-46D3-8432-B06C80430EF8}"
EndProject
Project("{8BC9CEB8-8B4A-11D0-8D11-00A0C91BC942}") = "FruitManager2", "FruitManager2\FruitManager2.vcxproj", "{CDD25A99-BB48-42B3-916C-AD75C49B6FF0}"
EndProject
Global
	GlobalSection(SolutionConfigurationPlatforms) = preSolution
		Debug|x64 = Debug|x64
		Debug|x86 = Debug|x86
		Release|x64 = Release|x64
		Release|x86 = Release|x86
	EndGlobalSection
	GlobalSection(ProjectConfigurationPlatforms) = postSolution
		{3D250AB7-F293-4DF0-9242-5F5499A8DFF4}.Debug|x64.ActiveCfg = Debug|x64
		{3D250AB7-F293-4DF0-9242-5F5499A8DFF4}.Debug|x64.Build.0 = Debug|x64
		{3D250AB7-F293-4DF0-9242-5F5499A8DFF4}.Debug|x86.ActiveCfg = Debug|Win32
		{3D250AB7-F293-4DF0-9242-5F5499A8DFF4}.Debug|x86.Build.0 = Debug|Win32
		{3D250AB7-F293-4DF0-9242-5F5499A8DFF4}.Release|x64.ActiveCfg = Release|x64
		{3D250AB7-F293-4DF0-9242-5F5499A8DFF4}.Release|x64.Build.0 = Release|x64
		{3D250AB7-F293-4DF0-9242-5F5499A8DFF4}.Release|x86.ActiveCfg = Release|Win32
		{3D250AB7-F293-4DF0-9242-5F5499A8DFF4}.Release|x86.Build.0 = Release|Win32
		{98C7F4B2-E8E8-4F72-9ACC-44E69504EFE6}.Debug|x64.ActiveCfg = Debug|x64
		{98C7F4B2-E8E8-4F72-9ACC-44E69504EFE6}.Debug|x64.Build.0 = Debug|x64
		{98C7F4B2-E8E8-4F72-9ACC-44E69504EFE6}.Debug|x86.ActiveCfg = Debug|Win32
		{98C7F4B2-E8E8-4F72-9ACC-44E69504EFE6}.Debug|x86.Build.0 = Debug|Win32
		{98C7F4B2-E8E8-4F72-9ACC-44E69504EFE6}.Release|x64.ActiveCfg = Release|x64
		{98C7F4B2-E8E8-4F72-9ACC-44E69504EFE6}.Release|x64.Build.0 = Release|x64
		{98C7F4B2-E8E8-4F72-9ACC-44E69504EFE6}.Release|x86.ActiveCfg = Release|Win32
		{98C7F4B2-E8E8-4F72-9ACC-44E69504EFE6}.Release|x86.Build.0 = Release|Win32
		{EC4C1E49-8EBF-458F-926E-BA138E985723}.Debug|x64.ActiveCfg = Debug|x64
		{EC4C1E49-8EBF-458F-926E-BA138E985723}.Debug|x64.Build.0 = Debug|x64
		{EC4C1E49-8EBF-458F-926E-BA138E985723}.Debug|x86.ActiveCfg = Debug|Win32
		{EC4C1E49-8EBF-458F-926E-BA138E985723}.Debug|x86.Build.0 = Debug|Win32
		{EC4C1E49-8EBF-458F-926E-BA138E985723}.Release|x64.ActiveCfg = Release|x64
		{EC4C1E49-8EBF-458F-926E-BA138E985723}.Release|x64.Build.0 = Release|x64
		{EC4C1E49-8EBF-458F-926E-BA138E985723}.Release|x86.ActiveCfg = Release|Win32
		{EC4C1E49-8EBF-458F-926E-BA138E985723}.Release|x86.Build.0 = Release|Win32
		{7ABEC8B1-AA6C-4D75-9BC6-9DEF80C8D199}.Debug|x64.ActiveCfg = Debug|x64
		{7ABEC8B1-AA6C-4D75-9BC6-9DEF80C8D199}.Debug|x64.Build.0 = Debug|x64
		{7ABEC8B1-AA6C-4D75-9BC6-9DEF80C8D199}.Debug|x86.ActiveCfg = Debug|Win32
		{7ABEC8B1-AA6C-4D75-9BC6-9DEF80C8D199}.Debug|x86.Build.0 = Debug|Win32
		{7ABEC8B1-AA6C-4D75-9BC6-9DEF80C8D199}.Release|x64.ActiveCfg = Release|x64
		{7ABEC8B1-AA6C-4D75-9BC6-9DEF80C8D199}.Release|x64.Build.0 = Release|x64
		{7ABEC8B1-AA6C-4D75-9BC6-9DEF80C8D199}.Release|x86.ActiveCfg = Release|Win32
		{7ABEC8B1-AA6C-4D75-9BC6-9DEF80C8D199}.Release|x86.Build.0 = Release|Win32
		{9E0C2621-48E2-476F-A8CF-68F944C6AA3B}.Debug|x64.ActiveCfg = Debug|x64
		{9E0C2621-48E2-476F-A8CF-68F944C6AA3B}.Debug|x64.Build.0 = Debug|x64
		{9E0C2621-48E2-476F-A8CF-68F944C6AA3B}.Debug|x86.ActiveCfg = Debug|Win32
		{9E0C2621-48E2-476F-A8CF-68F944C6AA3B}.Debug|x86.Build.0 = Debug|Win32
		{9E0C2621-48E2-476F-A8CF-68F944C6AA3B}.Release|x64.ActiveCfg = Release|x64
		{9E0C2621-48E2-476F-A8CF-68F944C6AA3B}.Release|x64.Build.0 = Release|x64
		{9E0C2621-48E2-476F-A8CF-68F944C6AA3B}.Release|x86.ActiveCfg = Release|Win32
		{9E0C2621-48E2-476F-A8CF-68F944C6AA3B}.Release|x86.Build.0 = Release|Win32
		{965DCE5D-39A6-46D9-99BA-D187267EC33E}.Debug|x64.ActiveCfg = Debug|x64
		{965DCE5D-39A6-46D9-99BA-D187267EC33E}.Debug|x64.Build.0 = Debug|x64
		{965DCE5D-39A6-46D9-99BA-D187267EC33E}.Debug|x86.ActiveCfg = Debug|Win32
		{965DCE5D-39A6-46D9-99BA-D187267EC33E}.Debug|x86.Build.0 = Debug|Win32
		{965DCE5D-39A6-46D9-99BA-D187267EC33E}.Release|x64.ActiveCfg = Release|x64
		{965DCE5D-39A6-46D9-99BA-D187267EC33E}.Release|x64.Build.0 = Release|x64
		{965DCE5D-39A6-46D9-99BA-D187267EC33E}.Release|x86.ActiveCfg = Release|Win32
		{965DCE5D-39A6-46D9-99BA-D187267EC33E}.Release|x86.Build.0 = Release|Win32
		{A8405C32-038B-497B-94D9-1800DD675A62}.Debug|x64.ActiveCfg = Debug|x64
		{A8405C32-038B-497B-94D9-1800DD675A62}.Debug|x64.Build.0 = Debug|x64
		{A8405C32-038B-497B-94D9-1800DD675A62}.Debug|x86.ActiveCfg = Debug|Win32
		{A8405C32-038B-497B-94D9-1800DD675A62}.Debug|x86.Build.0 = Debug|Win32
		{A8405C32-038B-497B-94D9-1800DD675A62}.Release|x64.ActiveCfg = Release|x64
		{A8405C32-038B-497B-94D9-1800DD675A62}.Release|x64.Build.0 = Release|x64
		{A8405C32-038B-497B-94D9-1800DD675A62}.Release|x86.ActiveCfg = Release|Win32
		{A8405C32-038B-497B-94D9-1800DD675A62}.Release|x86.Build.0 = Release|Win32
		{A78C478E-1A12-44E3-911B-F591DFEC96E5}.Debug|x64.ActiveCfg = Debug|x64
		{A78C478E-1A12-44E3-911B-F591DFEC96E5}.Debug|x64.Build.0 = Debug|x64
		{A78C478E-1A12-44E3-911B-F591DFEC96E5}.Debug|x86.ActiveCfg = Debug|Win32
		{A78C478E-1A12-44E3-911B-F591DFEC96E5}.Debug|x86.Build.0 = Debug|Win32
		{A78C478E-1A12-44E3-911B-F591DFEC96E5}.Release|x64.ActiveCfg = Release|x64
		{A78C478E-1A12-44E3-911B-F591DFEC96E5}.Release|x64.Build.0 = Release|x64
		{A78C478E-1A12-44E3-911B-F591DFEC96E5}.Release|x86.ActiveCfg = Release|Win32
		{A78C478E-1A12-44E3-911B-F591DFEC96E5}.Release|x86.Build.0 = Release|Win32
		{11189329-F0DA-48F0-8F75-F806A1B2B640}.Debug|x64.ActiveCfg = Debug|x64
		{11189329-F0DA-48F0-8F75-F806A1B2B640}.Debug|x64.Build.0 = Debug|x64
		{11189329-F0DA-48F0-8F75-F806A1B2B640}.Debug|x86.ActiveCfg = Debug|Win32
		{11189329-F0DA-48F0-8F75-F806A1B2B640}.Debug|x86.Build.0 = Debug|Win32
		{11189329-F0DA-48F0-8F75-F806A1B2B640}.Release|x64.ActiveCfg = Release|x64
		{11189329-F0DA-48F0-8F75-F806A1B2B640}.Release|x64.Build.0 = Release|x64
		{11189329-F0DA-48F0-8F75-F806A1B2B640}.Release|x86.ActiveCfg = Release|Win32
		{11189329-F0DA-48F0-8F75-F806A1B2B640}.Release|x86.Build.0 = Release|Win32
		{61BD9BDA-3C33-4ABD-B8A4-2230ABC19649}.Debug|x64.ActiveCfg = Debug|x64
		{61BD9BDA-3C33-4ABD-B8A4-2230ABC19649}.Debug|x64.Build.0 = Debug|x64
		{61BD9BDA-3C33-4ABD-B8A4-2230ABC19649}.Debug|x86.ActiveCfg = Debug|Win32
		{61BD9BDA-3C33-4ABD-B8A4-2230ABC19649}.Debug|x86.Build.0 = Debug|Win32
		{61BD9BDA-3C33-4ABD-B8A4-2230ABC19649}.Release|x64.ActiveCfg = Release|x64
		{61BD9BDA-3C33-4ABD-B8A4-2230ABC19649}.Release|x64.Build.0 = Release|x64
		{61BD9BDA-3C33-4ABD-B8A4-2230ABC19649}.Release|x86.ActiveCfg = Release|Win32
		{61BD9BDA-3C33-4ABD-B8A4-2230ABC19649}.Release|x86.Build.0 = Release|Win32
		{A37F5542-FC60-46D3-8432-B06C80430EF8}.Debug|x64.ActiveCfg = Debug|x64
		{A37F5542-FC60-46D3-8432-B06C80430EF8}.Debug|x64.Build.0 = Debug|x64
		{A37F5542-FC60-46D3-8432-B06C80430EF8}.Debug|x86.ActiveCfg = Debug|Win32
		{A37F5542-FC60-46D3-8432-B06C80430EF8}.Debug|x86.Build.0 = Debug|Win32
		{A37F5542-FC60-46D3-8432-B06C80430EF8}.Release|x64.ActiveCfg = Release|x64
		{A37F5542-FC60-46D3-8432-B06C80430EF8}.Release|x64.Build.0 = Release|x64
		{A37F5542-FC60-46D3-8432-B06C80430EF8}.Release|x86.ActiveCfg = Release|Win32
		{A37F5542-FC60-46D3-8432-B06C80430EF8}.Release|x86.Build.0 = Release|Win32
		{CDD25A99-BB48-42B3-916C-AD75C49B6FF0}.Debug|x64.ActiveCfg = Debug|x64
		{CDD25A99-BB48-42B3-916C-AD75C49B6FF0}.Debug|x64.Build.0 = Debug|x64
		{CDD25A99-BB48-42B3-916C-AD75C49B6FF0}.Debug|x86.ActiveCfg = Debug|Win32
		{CDD25A99-BB48-42B3-916C-AD75C49B6FF0}.Debug|x86.Build.0 = Debug|Win32
		{CDD25A99-BB48-42B3-916C-AD75C49B6FF0}.Release|x64.ActiveCfg = Release|x64
		{CDD25A99-BB48-42B3-916C-AD75C49B6FF0}.Release|x64.Build.0 = Release|x64
		{CDD25A99-BB48-42B3-916C-AD75C49B6FF0}.Release|x86.ActiveCfg = Release|Win32
		{CDD25A99-BB48-42B3-916C-AD75C49B6FF0}.Release|x86.Build.0 = Release|Win32
	EndGlobalSection
	GlobalSection(SolutionProperties) = preSolution
		HideSolutionNode = FALSE
	EndGlobalSection
	GlobalSection(ExtensibilityGlobals) = postSolution
		SolutionGuid = {FF3D6BF7-3563-43D0-A0B5-99AF210605E8}
	EndGlobalSection
EndGlobal
